// !$*UTF8*$!
{
	archiveVersion = 1;
	classes = {
	};
	objectVersion = 52;
	objects = {

/* Begin PBXBuildFile section */
		EDC9AF3F2563A19300321BC0 /* Assets.xcassets in Resources */ = {isa = PBXBuildFile; fileRef = EDF64C97256241320050A86D /* Assets.xcassets */; };
		EDF64C92256241310050A86D /* AppDelegate.swift in Sources */ = {isa = PBXBuildFile; fileRef = EDF64C91256241310050A86D /* AppDelegate.swift */; };
		EDF64C94256241310050A86D /* SceneDelegate.swift in Sources */ = {isa = PBXBuildFile; fileRef = EDF64C93256241310050A86D /* SceneDelegate.swift */; };
		EDF64C96256241310050A86D /* ContentView.swift in Sources */ = {isa = PBXBuildFile; fileRef = EDF64C95256241310050A86D /* ContentView.swift */; };
		EDF64C98256241320050A86D /* Assets.xcassets in Resources */ = {isa = PBXBuildFile; fileRef = EDF64C97256241320050A86D /* Assets.xcassets */; };
		EDF64C9B256241320050A86D /* Preview Assets.xcassets in Resources */ = {isa = PBXBuildFile; fileRef = EDF64C9A256241320050A86D /* Preview Assets.xcassets */; };
		EDF64C9E256241320050A86D /* LaunchScreen.storyboard in Resources */ = {isa = PBXBuildFile; fileRef = EDF64C9C256241320050A86D /* LaunchScreen.storyboard */; };
		EDF64D3F25625B300050A86D /* ACarousel in Frameworks */ = {isa = PBXBuildFile; productRef = EDF64D3E25625B300050A86D /* ACarousel */; };
		EDF64D5D256380F10050A86D /* AppDelegate.swift in Sources */ = {isa = PBXBuildFile; fileRef = EDF64D5C256380F10050A86D /* AppDelegate.swift */; };
		EDF64D64256380F10050A86D /* Preview Assets.xcassets in Resources */ = {isa = PBXBuildFile; fileRef = EDF64D63256380F10050A86D /* Preview Assets.xcassets */; };
		EDF64D67256380F10050A86D /* Main.storyboard in Resources */ = {isa = PBXBuildFile; fileRef = EDF64D65256380F10050A86D /* Main.storyboard */; };
		EDF64D70256381410050A86D /* ACarousel in Frameworks */ = {isa = PBXBuildFile; productRef = EDF64D6F256381410050A86D /* ACarousel */; };
		EDF64DA425638FC50050A86D /* ContentView.swift in Sources */ = {isa = PBXBuildFile; fileRef = EDF64DA325638FC50050A86D /* ContentView.swift */; };
/* End PBXBuildFile section */

/* Begin PBXFileReference section */
		EDF64C8E256241310050A86D /* ACarouselDemo iOS.app */ = {isa = PBXFileReference; explicitFileType = wrapper.application; includeInIndex = 0; path = "ACarouselDemo iOS.app"; sourceTree = BUILT_PRODUCTS_DIR; };
		EDF64C91256241310050A86D /* AppDelegate.swift */ = {isa = PBXFileReference; lastKnownFileType = sourcecode.swift; path = AppDelegate.swift; sourceTree = "<group>"; };
		EDF64C93256241310050A86D /* SceneDelegate.swift */ = {isa = PBXFileReference; lastKnownFileType = sourcecode.swift; path = SceneDelegate.swift; sourceTree = "<group>"; };
		EDF64C95256241310050A86D /* ContentView.swift */ = {isa = PBXFileReference; lastKnownFileType = sourcecode.swift; path = ContentView.swift; sourceTree = "<group>"; };
		EDF64C97256241320050A86D /* Assets.xcassets */ = {isa = PBXFileReference; lastKnownFileType = folder.assetcatalog; path = Assets.xcassets; sourceTree = "<group>"; };
		EDF64C9A256241320050A86D /* Preview Assets.xcassets */ = {isa = PBXFileReference; lastKnownFileType = folder.assetcatalog; path = "Preview Assets.xcassets"; sourceTree = "<group>"; };
		EDF64C9D256241320050A86D /* Base */ = {isa = PBXFileReference; lastKnownFileType = file.storyboard; name = Base; path = Base.lproj/LaunchScreen.storyboard; sourceTree = "<group>"; };
		EDF64C9F256241320050A86D /* Info.plist */ = {isa = PBXFileReference; lastKnownFileType = text.plist.xml; path = Info.plist; sourceTree = "<group>"; };
		EDF64D3525625AE10050A86D /* ACarousel */ = {isa = PBXFileReference; lastKnownFileType = folder; name = ACarousel; path = ..; sourceTree = "<group>"; };
		EDF64D5A256380F10050A86D /* ACarouselDemo macOS.app */ = {isa = PBXFileReference; explicitFileType = wrapper.application; includeInIndex = 0; path = "ACarouselDemo macOS.app"; sourceTree = BUILT_PRODUCTS_DIR; };
		EDF64D5C256380F10050A86D /* AppDelegate.swift */ = {isa = PBXFileReference; lastKnownFileType = sourcecode.swift; path = AppDelegate.swift; sourceTree = "<group>"; };
		EDF64D63256380F10050A86D /* Preview Assets.xcassets */ = {isa = PBXFileReference; lastKnownFileType = folder.assetcatalog; path = "Preview Assets.xcassets"; sourceTree = "<group>"; };
		EDF64D66256380F10050A86D /* Base */ = {isa = PBXFileReference; lastKnownFileType = file.storyboard; name = Base; path = Base.lproj/Main.storyboard; sourceTree = "<group>"; };
		EDF64D68256380F10050A86D /* Info.plist */ = {isa = PBXFileReference; lastKnownFileType = text.plist.xml; path = Info.plist; sourceTree = "<group>"; };
		EDF64D69256380F10050A86D /* ACarouselDemo_macOS.entitlements */ = {isa = PBXFileReference; lastKnownFileType = text.plist.entitlements; path = ACarouselDemo_macOS.entitlements; sourceTree = "<group>"; };
		EDF64DA325638FC50050A86D /* ContentView.swift */ = {isa = PBXFileReference; lastKnownFileType = sourcecode.swift; path = ContentView.swift; sourceTree = "<group>"; };
/* End PBXFileReference section */

/* Begin PBXFrameworksBuildPhase section */
		EDF64C8B256241310050A86D /* Frameworks */ = {
			isa = PBXFrameworksBuildPhase;
			buildActionMask = 2147483647;
			files = (
				EDF64D3F25625B300050A86D /* ACarousel in Frameworks */,
			);
			runOnlyForDeploymentPostprocessing = 0;
		};
		EDF64D57256380F10050A86D /* Frameworks */ = {
			isa = PBXFrameworksBuildPhase;
			buildActionMask = 2147483647;
			files = (
				EDF64D70256381410050A86D /* ACarousel in Frameworks */,
			);
			runOnlyForDeploymentPostprocessing = 0;
		};
/* End PBXFrameworksBuildPhase section */

/* Begin PBXGroup section */
		EDF64C832562405E0050A86D = {
			isa = PBXGroup;
			children = (
				EDF64D3525625AE10050A86D /* ACarousel */,
				EDF64C90256241310050A86D /* ACarouselDemo iOS */,
				EDF64D5B256380F10050A86D /* ACarouselDemo macOS */,
				EDF64C8F256241310050A86D /* Products */,
				EDF64D3D25625B300050A86D /* Frameworks */,
			);
			sourceTree = "<group>";
		};
		EDF64C8F256241310050A86D /* Products */ = {
			isa = PBXGroup;
			children = (
				EDF64C8E256241310050A86D /* ACarouselDemo iOS.app */,
				EDF64D5A256380F10050A86D /* ACarouselDemo macOS.app */,
			);
			name = Products;
			sourceTree = "<group>";
		};
		EDF64C90256241310050A86D /* ACarouselDemo iOS */ = {
			isa = PBXGroup;
			children = (
				EDF64C91256241310050A86D /* AppDelegate.swift */,
				EDF64C93256241310050A86D /* SceneDelegate.swift */,
				EDF64C95256241310050A86D /* ContentView.swift */,
				EDF64C97256241320050A86D /* Assets.xcassets */,
				EDF64C9C256241320050A86D /* LaunchScreen.storyboard */,
				EDF64C9F256241320050A86D /* Info.plist */,
				EDF64C99256241320050A86D /* Preview Content */,
			);
			path = "ACarouselDemo iOS";
			sourceTree = "<group>";
		};
		EDF64C99256241320050A86D /* Preview Content */ = {
			isa = PBXGroup;
			children = (
				EDF64C9A256241320050A86D /* Preview Assets.xcassets */,
			);
			path = "Preview Content";
			sourceTree = "<group>";
		};
		EDF64D3D25625B300050A86D /* Frameworks */ = {
			isa = PBXGroup;
			children = (
			);
			name = Frameworks;
			sourceTree = "<group>";
		};
		EDF64D5B256380F10050A86D /* ACarouselDemo macOS */ = {
			isa = PBXGroup;
			children = (
				EDF64D5C256380F10050A86D /* AppDelegate.swift */,
				EDF64DA325638FC50050A86D /* ContentView.swift */,
				EDF64D65256380F10050A86D /* Main.storyboard */,
				EDF64D68256380F10050A86D /* Info.plist */,
				EDF64D69256380F10050A86D /* ACarouselDemo_macOS.entitlements */,
				EDF64D62256380F10050A86D /* Preview Content */,
			);
			path = "ACarouselDemo macOS";
			sourceTree = "<group>";
		};
		EDF64D62256380F10050A86D /* Preview Content */ = {
			isa = PBXGroup;
			children = (
				EDF64D63256380F10050A86D /* Preview Assets.xcassets */,
			);
			path = "Preview Content";
			sourceTree = "<group>";
		};
/* End PBXGroup section */

/* Begin PBXNativeTarget section */
		EDF64C8D256241310050A86D /* ACarouselDemo iOS */ = {
			isa = PBXNativeTarget;
			buildConfigurationList = EDF64CA2256241320050A86D /* Build configuration list for PBXNativeTarget "ACarouselDemo iOS" */;
			buildPhases = (
				EDF64C8A256241310050A86D /* Sources */,
				EDF64C8B256241310050A86D /* Frameworks */,
				EDF64C8C256241310050A86D /* Resources */,
			);
			buildRules = (
			);
			dependencies = (
			);
			name = "ACarouselDemo iOS";
			packageProductDependencies = (
				EDF64D3E25625B300050A86D /* ACarousel */,
			);
			productName = "ACarouselDemo iOS";
			productReference = EDF64C8E256241310050A86D /* ACarouselDemo iOS.app */;
			productType = "com.apple.product-type.application";
		};
		EDF64D59256380F10050A86D /* ACarouselDemo macOS */ = {
			isa = PBXNativeTarget;
			buildConfigurationList = EDF64D6A256380F10050A86D /* Build configuration list for PBXNativeTarget "ACarouselDemo macOS" */;
			buildPhases = (
				EDF64D56256380F10050A86D /* Sources */,
				EDF64D57256380F10050A86D /* Frameworks */,
				EDF64D58256380F10050A86D /* Resources */,
			);
			buildRules = (
			);
			dependencies = (
			);
			name = "ACarouselDemo macOS";
			packageProductDependencies = (
				EDF64D6F256381410050A86D /* ACarousel */,
			);
			productName = "ACarouselDemo macOS";
			productReference = EDF64D5A256380F10050A86D /* ACarouselDemo macOS.app */;
			productType = "com.apple.product-type.application";
		};
/* End PBXNativeTarget section */

/* Begin PBXProject section */
		EDF64C842562405E0050A86D /* Project object */ = {
			isa = PBXProject;
			attributes = {
				LastSwiftUpdateCheck = 1210;
				LastUpgradeCheck = 1210;
				TargetAttributes = {
					EDF64C8D256241310050A86D = {
						CreatedOnToolsVersion = 12.1;
					};
					EDF64D59256380F10050A86D = {
						CreatedOnToolsVersion = 12.1;
					};
				};
			};
			buildConfigurationList = EDF64C872562405E0050A86D /* Build configuration list for PBXProject "ACarouselDemo" */;
			compatibilityVersion = "Xcode 9.3";
			developmentRegion = en;
			hasScannedForEncodings = 0;
			knownRegions = (
				en,
				Base,
			);
			mainGroup = EDF64C832562405E0050A86D;
			productRefGroup = EDF64C8F256241310050A86D /* Products */;
			projectDirPath = "";
			projectRoot = "";
			targets = (
				EDF64C8D256241310050A86D /* ACarouselDemo iOS */,
				EDF64D59256380F10050A86D /* ACarouselDemo macOS */,
			);
		};
/* End PBXProject section */

/* Begin PBXResourcesBuildPhase section */
		EDF64C8C256241310050A86D /* Resources */ = {
			isa = PBXResourcesBuildPhase;
			buildActionMask = 2147483647;
			files = (
				EDF64C9E256241320050A86D /* LaunchScreen.storyboard in Resources */,
				EDF64C9B256241320050A86D /* Preview Assets.xcassets in Resources */,
				EDF64C98256241320050A86D /* Assets.xcassets in Resources */,
			);
			runOnlyForDeploymentPostprocessing = 0;
		};
		EDF64D58256380F10050A86D /* Resources */ = {
			isa = PBXResourcesBuildPhase;
			buildActionMask = 2147483647;
			files = (
				EDF64D67256380F10050A86D /* Main.storyboard in Resources */,
				EDC9AF3F2563A19300321BC0 /* Assets.xcassets in Resources */,
				EDF64D64256380F10050A86D /* Preview Assets.xcassets in Resources */,
			);
			runOnlyForDeploymentPostprocessing = 0;
		};
/* End PBXResourcesBuildPhase section */

/* Begin PBXSourcesBuildPhase section */
		EDF64C8A256241310050A86D /* Sources */ = {
			isa = PBXSourcesBuildPhase;
			buildActionMask = 2147483647;
			files = (
				EDF64C92256241310050A86D /* AppDelegate.swift in Sources */,
				EDF64C94256241310050A86D /* SceneDelegate.swift in Sources */,
				EDF64C96256241310050A86D /* ContentView.swift in Sources */,
			);
			runOnlyForDeploymentPostprocessing = 0;
		};
		EDF64D56256380F10050A86D /* Sources */ = {
			isa = PBXSourcesBuildPhase;
			buildActionMask = 2147483647;
			files = (
				EDF64D5D256380F10050A86D /* AppDelegate.swift in Sources */,
				EDF64DA425638FC50050A86D /* ContentView.swift in Sources */,
			);
			runOnlyForDeploymentPostprocessing = 0;
		};
/* End PBXSourcesBuildPhase section */

/* Begin PBXVariantGroup section */
		EDF64C9C256241320050A86D /* LaunchScreen.storyboard */ = {
			isa = PBXVariantGroup;
			children = (
				EDF64C9D256241320050A86D /* Base */,
			);
			name = LaunchScreen.storyboard;
			sourceTree = "<group>";
		};
		EDF64D65256380F10050A86D /* Main.storyboard */ = {
			isa = PBXVariantGroup;
			children = (
				EDF64D66256380F10050A86D /* Base */,
			);
			name = Main.storyboard;
			sourceTree = "<group>";
		};
/* End PBXVariantGroup section */

/* Begin XCBuildConfiguration section */
		EDF64C882562405E0050A86D /* Debug */ = {
			isa = XCBuildConfiguration;
			buildSettings = {
			};
			name = Debug;
		};
		EDF64C892562405E0050A86D /* Release */ = {
			isa = XCBuildConfiguration;
			buildSettings = {
			};
			name = Release;
		};
		EDF64CA0256241320050A86D /* Debug */ = {
			isa = XCBuildConfiguration;
			buildSettings = {
				ALWAYS_SEARCH_USER_PATHS = NO;
				ASSETCATALOG_COMPILER_APPICON_NAME = AppIcon;
				ASSETCATALOG_COMPILER_GLOBAL_ACCENT_COLOR_NAME = AccentColor;
				CLANG_ANALYZER_NONNULL = YES;
				CLANG_ANALYZER_NUMBER_OBJECT_CONVERSION = YES_AGGRESSIVE;
				CLANG_CXX_LANGUAGE_STANDARD = "gnu++14";
				CLANG_CXX_LIBRARY = "libc++";
				CLANG_ENABLE_MODULES = YES;
				CLANG_ENABLE_OBJC_ARC = YES;
				CLANG_ENABLE_OBJC_WEAK = YES;
				CLANG_WARN_BLOCK_CAPTURE_AUTORELEASING = YES;
				CLANG_WARN_BOOL_CONVERSION = YES;
				CLANG_WARN_COMMA = YES;
				CLANG_WARN_CONSTANT_CONVERSION = YES;
				CLANG_WARN_DEPRECATED_OBJC_IMPLEMENTATIONS = YES;
				CLANG_WARN_DIRECT_OBJC_ISA_USAGE = YES_ERROR;
				CLANG_WARN_DOCUMENTATION_COMMENTS = YES;
				CLANG_WARN_EMPTY_BODY = YES;
				CLANG_WARN_ENUM_CONVERSION = YES;
				CLANG_WARN_INFINITE_RECURSION = YES;
				CLANG_WARN_INT_CONVERSION = YES;
				CLANG_WARN_NON_LITERAL_NULL_CONVERSION = YES;
				CLANG_WARN_OBJC_IMPLICIT_RETAIN_SELF = YES;
				CLANG_WARN_OBJC_LITERAL_CONVERSION = YES;
				CLANG_WARN_OBJC_ROOT_CLASS = YES_ERROR;
				CLANG_WARN_QUOTED_INCLUDE_IN_FRAMEWORK_HEADER = YES;
				CLANG_WARN_RANGE_LOOP_ANALYSIS = YES;
				CLANG_WARN_STRICT_PROTOTYPES = YES;
				CLANG_WARN_SUSPICIOUS_MOVE = YES;
				CLANG_WARN_UNGUARDED_AVAILABILITY = YES_AGGRESSIVE;
				CLANG_WARN_UNREACHABLE_CODE = YES;
				CLANG_WARN__DUPLICATE_METHOD_MATCH = YES;
				CODE_SIGN_STYLE = Automatic;
				COPY_PHASE_STRIP = NO;
				DEBUG_INFORMATION_FORMAT = dwarf;
				DEVELOPMENT_ASSET_PATHS = "\"ACarouselDemo iOS/Preview Content\"";
				DEVELOPMENT_TEAM = FJ92PFEJWW;
				ENABLE_PREVIEWS = YES;
				ENABLE_STRICT_OBJC_MSGSEND = YES;
				ENABLE_TESTABILITY = YES;
				GCC_C_LANGUAGE_STANDARD = gnu11;
				GCC_DYNAMIC_NO_PIC = NO;
				GCC_NO_COMMON_BLOCKS = YES;
				GCC_OPTIMIZATION_LEVEL = 0;
				GCC_PREPROCESSOR_DEFINITIONS = (
					"DEBUG=1",
					"$(inherited)",
				);
				GCC_WARN_64_TO_32_BIT_CONVERSION = YES;
				GCC_WARN_ABOUT_RETURN_TYPE = YES_ERROR;
				GCC_WARN_UNDECLARED_SELECTOR = YES;
				GCC_WARN_UNINITIALIZED_AUTOS = YES_AGGRESSIVE;
				GCC_WARN_UNUSED_FUNCTION = YES;
				GCC_WARN_UNUSED_VARIABLE = YES;
				INFOPLIST_FILE = "ACarouselDemo iOS/Info.plist";
				IPHONEOS_DEPLOYMENT_TARGET = 14.0;
				LD_RUNPATH_SEARCH_PATHS = (
					"$(inherited)",
					"@executable_path/Frameworks",
				);
				MTL_ENABLE_DEBUG_INFO = INCLUDE_SOURCE;
				MTL_FAST_MATH = YES;
				ONLY_ACTIVE_ARCH = YES;
				PRODUCT_BUNDLE_IDENTIFIER = "com.diyunkeji.ACarouselDemo-iOS";
				PRODUCT_NAME = "$(TARGET_NAME)";
				SDKROOT = iphoneos;
				SWIFT_ACTIVE_COMPILATION_CONDITIONS = DEBUG;
				SWIFT_OPTIMIZATION_LEVEL = "-Onone";
				SWIFT_VERSION = 5.0;
				TARGETED_DEVICE_FAMILY = "1,2";
			};
			name = Debug;
		};
		EDF64CA1256241320050A86D /* Release */ = {
			isa = XCBuildConfiguration;
			buildSettings = {
				ALWAYS_SEARCH_USER_PATHS = NO;
				ASSETCATALOG_COMPILER_APPICON_NAME = AppIcon;
				ASSETCATALOG_COMPILER_GLOBAL_ACCENT_COLOR_NAME = AccentColor;
				CLANG_ANALYZER_NONNULL = YES;
				CLANG_ANALYZER_NUMBER_OBJECT_CONVERSION = YES_AGGRESSIVE;
				CLANG_CXX_LANGUAGE_STANDARD = "gnu++14";
				CLANG_CXX_LIBRARY = "libc++";
				CLANG_ENABLE_MODULES = YES;
				CLANG_ENABLE_OBJC_ARC = YES;
				CLANG_ENABLE_OBJC_WEAK = YES;
				CLANG_WARN_BLOCK_CAPTURE_AUTORELEASING = YES;
				CLANG_WARN_BOOL_CONVERSION = YES;
				CLANG_WARN_COMMA = YES;
				CLANG_WARN_CONSTANT_CONVERSION = YES;
				CLANG_WARN_DEPRECATED_OBJC_IMPLEMENTATIONS = YES;
				CLANG_WARN_DIRECT_OBJC_ISA_USAGE = YES_ERROR;
				CLANG_WARN_DOCUMENTATION_COMMENTS = YES;
				CLANG_WARN_EMPTY_BODY = YES;
				CLANG_WARN_ENUM_CONVERSION = YES;
				CLANG_WARN_INFINITE_RECURSION = YES;
				CLANG_WARN_INT_CONVERSION = YES;
				CLANG_WARN_NON_LITERAL_NULL_CONVERSION = YES;
				CLANG_WARN_OBJC_IMPLICIT_RETAIN_SELF = YES;
				CLANG_WARN_OBJC_LITERAL_CONVERSION = YES;
				CLANG_WARN_OBJC_ROOT_CLASS = YES_ERROR;
				CLANG_WARN_QUOTED_INCLUDE_IN_FRAMEWORK_HEADER = YES;
				CLANG_WARN_RANGE_LOOP_ANALYSIS = YES;
				CLANG_WARN_STRICT_PROTOTYPES = YES;
				CLANG_WARN_SUSPICIOUS_MOVE = YES;
				CLANG_WARN_UNGUARDED_AVAILABILITY = YES_AGGRESSIVE;
				CLANG_WARN_UNREACHABLE_CODE = YES;
				CLANG_WARN__DUPLICATE_METHOD_MATCH = YES;
				CODE_SIGN_STYLE = Automatic;
				COPY_PHASE_STRIP = NO;
				DEBUG_INFORMATION_FORMAT = "dwarf-with-dsym";
				DEVELOPMENT_ASSET_PATHS = "\"ACarouselDemo iOS/Preview Content\"";
				DEVELOPMENT_TEAM = FJ92PFEJWW;
				ENABLE_NS_ASSERTIONS = NO;
				ENABLE_PREVIEWS = YES;
				ENABLE_STRICT_OBJC_MSGSEND = YES;
				GCC_C_LANGUAGE_STANDARD = gnu11;
				GCC_NO_COMMON_BLOCKS = YES;
				GCC_WARN_64_TO_32_BIT_CONVERSION = YES;
				GCC_WARN_ABOUT_RETURN_TYPE = YES_ERROR;
				GCC_WARN_UNDECLARED_SELECTOR = YES;
				GCC_WARN_UNINITIALIZED_AUTOS = YES_AGGRESSIVE;
				GCC_WARN_UNUSED_FUNCTION = YES;
				GCC_WARN_UNUSED_VARIABLE = YES;
				INFOPLIST_FILE = "ACarouselDemo iOS/Info.plist";
				IPHONEOS_DEPLOYMENT_TARGET = 14.0;
				LD_RUNPATH_SEARCH_PATHS = (
					"$(inherited)",
					"@executable_path/Frameworks",
				);
				MTL_ENABLE_DEBUG_INFO = NO;
				MTL_FAST_MATH = YES;
				PRODUCT_BUNDLE_IDENTIFIER = "com.diyunkeji.ACarouselDemo-iOS";
				PRODUCT_NAME = "$(TARGET_NAME)";
				SDKROOT = iphoneos;
				SWIFT_COMPILATION_MODE = wholemodule;
				SWIFT_OPTIMIZATION_LEVEL = "-O";
				SWIFT_VERSION = 5.0;
				TARGETED_DEVICE_FAMILY = "1,2";
				VALIDATE_PRODUCT = YES;
			};
			name = Release;
		};
		EDF64D6B256380F10050A86D /* Debug */ = {
			isa = XCBuildConfiguration;
			buildSettings = {
				ALWAYS_SEARCH_USER_PATHS = NO;
				ASSETCATALOG_COMPILER_APPICON_NAME = AppIcon;
				ASSETCATALOG_COMPILER_GLOBAL_ACCENT_COLOR_NAME = AccentColor;
				CLANG_ANALYZER_NONNULL = YES;
				CLANG_ANALYZER_NUMBER_OBJECT_CONVERSION = YES_AGGRESSIVE;
				CLANG_CXX_LANGUAGE_STANDARD = "gnu++14";
				CLANG_CXX_LIBRARY = "libc++";
				CLANG_ENABLE_MODULES = YES;
				CLANG_ENABLE_OBJC_ARC = YES;
				CLANG_ENABLE_OBJC_WEAK = YES;
				CLANG_WARN_BLOCK_CAPTURE_AUTORELEASING = YES;
				CLANG_WARN_BOOL_CONVERSION = YES;
				CLANG_WARN_COMMA = YES;
				CLANG_WARN_CONSTANT_CONVERSION = YES;
				CLANG_WARN_DEPRECATED_OBJC_IMPLEMENTATIONS = YES;
				CLANG_WARN_DIRECT_OBJC_ISA_USAGE = YES_ERROR;
				CLANG_WARN_DOCUMENTATION_COMMENTS = YES;
				CLANG_WARN_EMPTY_BODY = YES;
				CLANG_WARN_ENUM_CONVERSION = YES;
				CLANG_WARN_INFINITE_RECURSION = YES;
				CLANG_WARN_INT_CONVERSION = YES;
				CLANG_WARN_NON_LITERAL_NULL_CONVERSION = YES;
				CLANG_WARN_OBJC_IMPLICIT_RETAIN_SELF = YES;
				CLANG_WARN_OBJC_LITERAL_CONVERSION = YES;
				CLANG_WARN_OBJC_ROOT_CLASS = YES_ERROR;
				CLANG_WARN_QUOTED_INCLUDE_IN_FRAMEWORK_HEADER = YES;
				CLANG_WARN_RANGE_LOOP_ANALYSIS = YES;
				CLANG_WARN_STRICT_PROTOTYPES = YES;
				CLANG_WARN_SUSPICIOUS_MOVE = YES;
				CLANG_WARN_UNGUARDED_AVAILABILITY = YES_AGGRESSIVE;
				CLANG_WARN_UNREACHABLE_CODE = YES;
				CLANG_WARN__DUPLICATE_METHOD_MATCH = YES;
				CODE_SIGN_ENTITLEMENTS = "ACarouselDemo macOS/ACarouselDemo_macOS.entitlements";
				CODE_SIGN_STYLE = Automatic;
				COMBINE_HIDPI_IMAGES = YES;
				COPY_PHASE_STRIP = NO;
				DEBUG_INFORMATION_FORMAT = dwarf;
				DEVELOPMENT_ASSET_PATHS = "\"ACarouselDemo macOS/Preview Content\"";
				DEVELOPMENT_TEAM = FJ92PFEJWW;
				ENABLE_HARDENED_RUNTIME = YES;
				ENABLE_PREVIEWS = YES;
				ENABLE_STRICT_OBJC_MSGSEND = YES;
				ENABLE_TESTABILITY = YES;
				GCC_C_LANGUAGE_STANDARD = gnu11;
				GCC_DYNAMIC_NO_PIC = NO;
				GCC_NO_COMMON_BLOCKS = YES;
				GCC_OPTIMIZATION_LEVEL = 0;
				GCC_PREPROCESSOR_DEFINITIONS = (
					"DEBUG=1",
					"$(inherited)",
				);
				GCC_WARN_64_TO_32_BIT_CONVERSION = YES;
				GCC_WARN_ABOUT_RETURN_TYPE = YES_ERROR;
				GCC_WARN_UNDECLARED_SELECTOR = YES;
				GCC_WARN_UNINITIALIZED_AUTOS = YES_AGGRESSIVE;
				GCC_WARN_UNUSED_FUNCTION = YES;
				GCC_WARN_UNUSED_VARIABLE = YES;
				INFOPLIST_FILE = "ACarouselDemo macOS/Info.plist";
				LD_RUNPATH_SEARCH_PATHS = (
					"$(inherited)",
					"@executable_path/../Frameworks",
				);
				MACOSX_DEPLOYMENT_TARGET = 10.15;
				MTL_ENABLE_DEBUG_INFO = INCLUDE_SOURCE;
				MTL_FAST_MATH = YES;
				ONLY_ACTIVE_ARCH = YES;
				PRODUCT_BUNDLE_IDENTIFIER = "com.diyunkeji.ACarouselDemo-macOS";
				PRODUCT_NAME = "$(TARGET_NAME)";
				SDKROOT = macosx;
				SWIFT_ACTIVE_COMPILATION_CONDITIONS = DEBUG;
				SWIFT_OPTIMIZATION_LEVEL = "-Onone";
				SWIFT_VERSION = 5.0;
			};
			name = Debug;
		};
		EDF64D6C256380F10050A86D /* Release */ = {
			isa = XCBuildConfiguration;
			buildSettings = {
				ALWAYS_SEARCH_USER_PATHS = NO;
				ASSETCATALOG_COMPILER_APPICON_NAME = AppIcon;
				ASSETCATALOG_COMPILER_GLOBAL_ACCENT_COLOR_NAME = AccentColor;
				CLANG_ANALYZER_NONNULL = YES;
				CLANG_ANALYZER_NUMBER_OBJECT_CONVERSION = YES_AGGRESSIVE;
				CLANG_CXX_LANGUAGE_STANDARD = "gnu++14";
				CLANG_CXX_LIBRARY = "libc++";
				CLANG_ENABLE_MODULES = YES;
				CLANG_ENABLE_OBJC_ARC = YES;
				CLANG_ENABLE_OBJC_WEAK = YES;
				CLANG_WARN_BLOCK_CAPTURE_AUTORELEASING = YES;
				CLANG_WARN_BOOL_CONVERSION = YES;
				CLANG_WARN_COMMA = YES;
				CLANG_WARN_CONSTANT_CONVERSION = YES;
				CLANG_WARN_DEPRECATED_OBJC_IMPLEMENTATIONS = YES;
				CLANG_WARN_DIRECT_OBJC_ISA_USAGE = YES_ERROR;
				CLANG_WARN_DOCUMENTATION_COMMENTS = YES;
				CLANG_WARN_EMPTY_BODY = YES;
				CLANG_WARN_ENUM_CONVERSION = YES;
				CLANG_WARN_INFINITE_RECURSION = YES;
				CLANG_WARN_INT_CONVERSION = YES;
				CLANG_WARN_NON_LITERAL_NULL_CONVERSION = YES;
				CLANG_WARN_OBJC_IMPLICIT_RETAIN_SELF = YES;
				CLANG_WARN_OBJC_LITERAL_CONVERSION = YES;
				CLANG_WARN_OBJC_ROOT_CLASS = YES_ERROR;
				CLANG_WARN_QUOTED_INCLUDE_IN_FRAMEWORK_HEADER = YES;
				CLANG_WARN_RANGE_LOOP_ANALYSIS = YES;
				CLANG_WARN_STRICT_PROTOTYPES = YES;
				CLANG_WARN_SUSPICIOUS_MOVE = YES;
				CLANG_WARN_UNGUARDED_AVAILABILITY = YES_AGGRESSIVE;
				CLANG_WARN_UNREACHABLE_CODE = YES;
				CLANG_WARN__DUPLICATE_METHOD_MATCH = YES;
				CODE_SIGN_ENTITLEMENTS = "ACarouselDemo macOS/ACarouselDemo_macOS.entitlements";
				CODE_SIGN_STYLE = Automatic;
				COMBINE_HIDPI_IMAGES = YES;
				COPY_PHASE_STRIP = NO;
				DEBUG_INFORMATION_FORMAT = "dwarf-with-dsym";
				DEVELOPMENT_ASSET_PATHS = "\"ACarouselDemo macOS/Preview Content\"";
				DEVELOPMENT_TEAM = FJ92PFEJWW;
				ENABLE_HARDENED_RUNTIME = YES;
				ENABLE_NS_ASSERTIONS = NO;
				ENABLE_PREVIEWS = YES;
				ENABLE_STRICT_OBJC_MSGSEND = YES;
				GCC_C_LANGUAGE_STANDARD = gnu11;
				GCC_NO_COMMON_BLOCKS = YES;
				GCC_WARN_64_TO_32_BIT_CONVERSION = YES;
				GCC_WARN_ABOUT_RETURN_TYPE = YES_ERROR;
				GCC_WARN_UNDECLARED_SELECTOR = YES;
				GCC_WARN_UNINITIALIZED_AUTOS = YES_AGGRESSIVE;
				GCC_WARN_UNUSED_FUNCTION = YES;
				GCC_WARN_UNUSED_VARIABLE = YES;
				INFOPLIST_FILE = "ACarouselDemo macOS/Info.plist";
				LD_RUNPATH_SEARCH_PATHS = (
					"$(inherited)",
					"@executable_path/../Frameworks",
				);
				MACOSX_DEPLOYMENT_TARGET = 10.15;
				MTL_ENABLE_DEBUG_INFO = NO;
				MTL_FAST_MATH = YES;
				PRODUCT_BUNDLE_IDENTIFIER = "com.diyunkeji.ACarouselDemo-macOS";
				PRODUCT_NAME = "$(TARGET_NAME)";
				SDKROOT = macosx;
				SWIFT_COMPILATION_MODE = wholemodule;
				SWIFT_OPTIMIZATION_LEVEL = "-O";
				SWIFT_VERSION = 5.0;
			};
			name = Release;
		};
/* End XCBuildConfiguration section */

/* Begin XCConfigurationList section */
		EDF64C872562405E0050A86D /* Build configuration list for PBXProject "ACarouselDemo" */ = {
			isa = XCConfigurationList;
			buildConfigurations = (
				EDF64C882562405E0050A86D /* Debug */,
				EDF64C892562405E0050A86D /* Release */,
			);
			defaultConfigurationIsVisible = 0;
			defaultConfigurationName = Release;
		};
		EDF64CA2256241320050A86D /* Build configuration list for PBXNativeTarget "ACarouselDemo iOS" */ = {
			isa = XCConfigurationList;
			buildConfigurations = (
				EDF64CA0256241320050A86D /* Debug */,
				EDF64CA1256241320050A86D /* Release */,
			);
			defaultConfigurationIsVisible = 0;
			defaultConfigurationName = Release;
		};
		EDF64D6A256380F10050A86D /* Build configuration list for PBXNativeTarget "ACarouselDemo macOS" */ = {
			isa = XCConfigurationList;
			buildConfigurations = (
				EDF64D6B256380F10050A86D /* Debug */,
				EDF64D6C256380F10050A86D /* Release */,
			);
			defaultConfigurationIsVisible = 0;
			defaultConfigurationName = Release;
		};
/* End XCConfigurationList section */

/* Begin XCSwiftPackageProductDependency section */
		EDF64D3E25625B300050A86D /* ACarousel */ = {
			isa = XCSwiftPackageProductDependency;
			productName = ACarousel;
		};
		EDF64D6F256381410050A86D /* ACarousel */ = {
			isa = XCSwiftPackageProductDependency;
			productName = ACarousel;
		};
/* End XCSwiftPackageProductDependency section */
	};
	rootObject = EDF64C842562405E0050A86D /* Project object */;
}
